
Microsoft Visual Studio Solution File, Format Version 12.00
# Visual Studio Version 16
VisualStudioVersion = 16.0.30011.22
MinimumVisualStudioVersion = 10.0.40219.1
Project("{FAE04EC0-301F-11D3-BF4B-00C04F79EFBC}") = "VacationBudgetPlanner", "VacationBudgetPlanner\VacationBudgetPlanner.csproj", "{FD4497D6-5D04-4AD1-96D4-D10042D50159}"
EndProject
Global
	GlobalSection(SolutionConfigurationPlatforms) = preSolution
		Debug|Any CPU = Debug|Any CPU
		Release|Any CPU = Release|Any CPU
	EndGlobalSection
	GlobalSection(ProjectConfigurationPlatforms) = postSolution
		{FD4497D6-5D04-4AD1-96D4-D10042D50159}.Debug|Any CPU.ActiveCfg = Debug|Any CPU
		{FD4497D6-5D04-4AD1-96D4-D10042D50159}.Debug|Any CPU.Build.0 = Debug|Any CPU
		{FD4497D6-5D04-4AD1-96D4-D10042D50159}.Release|Any CPU.ActiveCfg = Release|Any CPU
		{FD4497D6-5D04-4AD1-96D4-D10042D50159}.Release|Any CPU.Build.0 = Release|Any CPU
	EndGlobalSection
	GlobalSection(SolutionProperties) = preSolution
		HideSolutionNode = FALSE
	EndGlobalSection
	GlobalSection(ExtensibilityGlobals) = postSolution
		SolutionGuid = {CFB579BA-0311-4F7F-8960-06504AE582BC}
	EndGlobalSection
EndGlobal
